<?xml version="1.0" encoding="utf-8"?>
<Project ToolsVersion="4.0" xmlns="http://schemas.microsoft.com/developer/msbuild/2003">
  <ItemGroup>
    <Filter Include="소스 파일">
      <UniqueIdentifier>{4FC737F1-C7A5-4376-A066-2A32D752A2FF}</UniqueIdentifier>
      <Extensions>cpp;c;cc;cxx;c++;cppm;ixx;def;odl;idl;hpj;bat;asm;asmx</Extensions>
    </Filter>
    <Filter Include="헤더 파일">
      <UniqueIdentifier>{93995380-89BD-4b04-88EB-625FBE52EBFB}</UniqueIdentifier>
      <Extensions>h;hh;hpp;hxx;h++;hm;inl;inc;ipp;xsd</Extensions>
    </Filter>
    <Filter Include="리소스 파일">
      <UniqueIdentifier>{67DA6AB6-F800-4c08-8B7A-83BB121AAD01}</UniqueIdentifier>
      <Extensions>rc;ico;cur;bmp;dlg;rc2;rct;bin;rgs;gif;jpg;jpeg;jpe;resx;tiff;tif;png;wav;mfcribbon-ms</Extensions>
    </Filter>
    <Filter Include="common">
      <UniqueIdentifier>{87896e12-dbfb-43b1-a644-8b3d79ded015}</UniqueIdentifier>
    </Filter>
    <Filter Include="Omok">
      <UniqueIdentifier>{8b93df8b-8d27-4ff4-b81f-b57ea0fd10dd}</UniqueIdentifier>
    </Filter>
    <Filter Include="Tetris">
      <UniqueIdentifier>{55db4a5d-747a-4526-907c-75403820fcc4}</UniqueIdentifier>
    </Filter>
    <Filter Include="Snake">
      <UniqueIdentifier>{b34088f4-c508-459a-b240-fbc8edfc9b38}</UniqueIdentifier>
    </Filter>
  </ItemGroup>
  <ItemGroup>
    <ClInclude Include="common.h">
      <Filter>common</Filter>
    </ClInclude>
    <ClInclude Include="omok_model.h">
      <Filter>Omok</Filter>
    </ClInclude>
    <ClInclude Include="tetris_model.h">
      <Filter>Tetris</Filter>
    </ClInclude>
    <ClInclude Include="snake_model.h">
      <Filter>Snake</Filter>
    </ClInclude>
  </ItemGroup>
  <ItemGroup>
    <ClCompile Include="common.c">
      <Filter>common</Filter>
    </ClCompile>
    <ClCompile Include="omok_logic.c">
      <Filter>Omok</Filter>
    </ClCompile>
    <ClCompile Include="omok_view.c">
      <Filter>Omok</Filter>
    </ClCompile>
    <ClCompile Include="tetris_view.c">
      <Filter>Tetris</Filter>
    </ClCompile>
    <ClCompile Include="tetris_logic.c">
      <Filter>Tetris</Filter>
    </ClCompile>
    <ClCompile Include="snake_view.c">
      <Filter>Snake</Filter>
    </ClCompile>
    <ClCompile Include="snake_logic.c">
      <Filter>Snake</Filter>
    </ClCompile>
    <ClCompile Include="main.c">
      <Filter>소스 파일</Filter>
    </ClCompile>
    <ClCompile Include="tetris_model.c">
      <Filter>Tetris</Filter>
    </ClCompile>
  </ItemGroup>
  <ItemGroup>
    <None Include=".gitignore" />
  </ItemGroup>
</Project>